
Microsoft Visual Studio Solution File, Format Version 11.00
# Visual Studio 2010
Project("{FAE04EC0-301F-11D3-BF4B-00C04F79EFBC}") = "DHH_Game_WIP", "Assembly-CSharp.csproj", "{072C4FD6-A5ED-1CC0-47D9-EE6A8AEC26B2}"
EndProject
Project("{FAE04EC0-301F-11D3-BF4B-00C04F79EFBC}") = "DHH_Game_WIP", "Assembly-CSharp-firstpass.csproj", "{C81BEDDE-89AE-6262-DA33-1D24ABA4E79A}"
EndProject
Project("{FAE04EC0-301F-11D3-BF4B-00C04F79EFBC}") = "DHH_Game_WIP", "Assembly-CSharp-Editor-firstpass.csproj", "{CCA96F0D-75DD-90DB-7CD0-A44FBCC57A9A}"
EndProject
Global
	GlobalSection(SolutionConfigurationPlatforms) = preSolution
		Debug|Any CPU = Debug|Any CPU
		Release|Any CPU = Release|Any CPU
	EndGlobalSection
	GlobalSection(ProjectConfigurationPlatforms) = postSolution
		{072C4FD6-A5ED-1CC0-47D9-EE6A8AEC26B2}.Debug|Any CPU.ActiveCfg = Debug|Any CPU
		{072C4FD6-A5ED-1CC0-47D9-EE6A8AEC26B2}.Debug|Any CPU.Build.0 = Debug|Any CPU
		{072C4FD6-A5ED-1CC0-47D9-EE6A8AEC26B2}.Release|Any CPU.ActiveCfg = Release|Any CPU
		{072C4FD6-A5ED-1CC0-47D9-EE6A8AEC26B2}.Release|Any CPU.Build.0 = Release|Any CPU
		{C81BEDDE-89AE-6262-DA33-1D24ABA4E79A}.Debug|Any CPU.ActiveCfg = Debug|Any CPU
		{C81BEDDE-89AE-6262-DA33-1D24ABA4E79A}.Debug|Any CPU.Build.0 = Debug|Any CPU
		{C81BEDDE-89AE-6262-DA33-1D24ABA4E79A}.Release|Any CPU.ActiveCfg = Release|Any CPU
		{C81BEDDE-89AE-6262-DA33-1D24ABA4E79A}.Release|Any CPU.Build.0 = Release|Any CPU
		{CCA96F0D-75DD-90DB-7CD0-A44FBCC57A9A}.Debug|Any CPU.ActiveCfg = Debug|Any CPU
		{CCA96F0D-75DD-90DB-7CD0-A44FBCC57A9A}.Debug|Any CPU.Build.0 = Debug|Any CPU
		{CCA96F0D-75DD-90DB-7CD0-A44FBCC57A9A}.Release|Any CPU.ActiveCfg = Release|Any CPU
		{CCA96F0D-75DD-90DB-7CD0-A44FBCC57A9A}.Release|Any CPU.Build.0 = Release|Any CPU
	EndGlobalSection
	GlobalSection(SolutionProperties) = preSolution
		HideSolutionNode = FALSE
	EndGlobalSection
	GlobalSection(MonoDevelopProperties) = preSolution
		StartupItem = Assembly-CSharp.csproj
	EndGlobalSection
EndGlobal
